
Microsoft Visual Studio Solution File, Format Version 12.00
# Visual Studio Version 16
VisualStudioVersion = 16.0.29215.179
MinimumVisualStudioVersion = 10.0.40219.1
Project("{FAE04EC0-301F-11D3-BF4B-00C04F79EFBC}") = "Rover45", "Rover45.csproj", "{6C6C9A0A-DEF0-43A7-A29B-1C6EC84810DA}"
EndProject
Global
	GlobalSection(SolutionConfigurationPlatforms) = preSolution
		Debug|Any CPU = Debug|Any CPU
		Release|Any CPU = Release|Any CPU
	EndGlobalSection
	GlobalSection(ProjectConfigurationPlatforms) = postSolution
		{6C6C9A0A-DEF0-43A7-A29B-1C6EC84810DA}.Debug|Any CPU.ActiveCfg = Debug|Any CPU
		{6C6C9A0A-DEF0-43A7-A29B-1C6EC84810DA}.Debug|Any CPU.Build.0 = Debug|Any CPU
		{6C6C9A0A-DEF0-43A7-A29B-1C6EC84810DA}.Release|Any CPU.ActiveCfg = Release|Any CPU
		{6C6C9A0A-DEF0-43A7-A29B-1C6EC84810DA}.Release|Any CPU.Build.0 = Release|Any CPU
	EndGlobalSection
	GlobalSection(SolutionProperties) = preSolution
		HideSolutionNode = FALSE
	EndGlobalSection
	GlobalSection(ExtensibilityGlobals) = postSolution
		SolutionGuid = {96E3D243-5DB6-4702-ABC0-F3D0893C5EB9}
	EndGlobalSection
EndGlobal
